
Microsoft Visual Studio Solution File, Format Version 12.00
# Visual Studio Version 17
VisualStudioVersion = 17.0.32014.148
MinimumVisualStudioVersion = 10.0.40219.1
Project("{FAE04EC0-301F-11D3-BF4B-00C04F79EFBC}") = "EvenFibonnaciNumbers", "EvenFibonnaciNumbers\EvenFibonnaciNumbers.csproj", "{7A7AD287-8C00-43DD-8CB4-33D9C5CD8E76}"
EndProject
Global
	GlobalSection(SolutionConfigurationPlatforms) = preSolution
		Debug|Any CPU = Debug|Any CPU
		Release|Any CPU = Release|Any CPU
	EndGlobalSection
	GlobalSection(ProjectConfigurationPlatforms) = postSolution
		{7A7AD287-8C00-43DD-8CB4-33D9C5CD8E76}.Debug|Any CPU.ActiveCfg = Debug|Any CPU
		{7A7AD287-8C00-43DD-8CB4-33D9C5CD8E76}.Debug|Any CPU.Build.0 = Debug|Any CPU
		{7A7AD287-8C00-43DD-8CB4-33D9C5CD8E76}.Release|Any CPU.ActiveCfg = Release|Any CPU
		{7A7AD287-8C00-43DD-8CB4-33D9C5CD8E76}.Release|Any CPU.Build.0 = Release|Any CPU
	EndGlobalSection
	GlobalSection(SolutionProperties) = preSolution
		HideSolutionNode = FALSE
	EndGlobalSection
	GlobalSection(ExtensibilityGlobals) = postSolution
		SolutionGuid = {1DE7EE77-2A3D-4DDB-83BF-DAB2530E1C94}
	EndGlobalSection
EndGlobal
